
Microsoft Visual Studio Solution File, Format Version 12.00
# Visual Studio Version 17
VisualStudioVersion = 17.14.36811.4
MinimumVisualStudioVersion = 10.0.40219.1
Project("{2150E333-8FDC-42A3-9474-1A3956D46DE8}") = "src", "src", "{02EA681E-C7D8-13C7-8484-4AC65E1B71E8}"
EndProject
Project("{2150E333-8FDC-42A3-9474-1A3956D46DE8}") = "modules", "modules", "{CE332713-E0A2-4C46-8749-E1F0DD0367C5}"
EndProject
Project("{2150E333-8FDC-42A3-9474-1A3956D46DE8}") = "Identity", "Identity", "{6C312C40-BC7C-4BFB-9F07-BFC2A8AA47F9}"
EndProject
Project("{2150E333-8FDC-42A3-9474-1A3956D46DE8}") = "Inventory", "Inventory", "{ED79C709-23C8-45A1-8996-C1FCEB145077}"
EndProject
Project("{2150E333-8FDC-42A3-9474-1A3956D46DE8}") = "Solution Items", "Solution Items", "{8EC462FD-D22E-90A8-E5CE-7E832BA40C5D}"
	ProjectSection(SolutionItems) = preProject
		docker-compose.yml = docker-compose.yml
		.gitignore = .gitignore
		README.md = README.md
	EndProjectSection
EndProject
Project("{FAE04EC0-301F-11D3-BF4B-00C04F79EFBC}") = "Identity.API", "src\Modules\Identity\Identity.API\Identity.API.csproj", "{EA4A1D56-ADB7-DA2E-F6A6-1CC82145143B}"
EndProject
Project("{FAE04EC0-301F-11D3-BF4B-00C04F79EFBC}") = "Identity.Domain", "src\Modules\Identity\Identity.Domain\Identity.Domain.csproj", "{AC65F606-64B2-E230-D41C-30E01BD95171}"
EndProject
Project("{FAE04EC0-301F-11D3-BF4B-00C04F79EFBC}") = "Identity.Infrastructure", "src\Modules\Identity\Identity.Infrastructure\Identity.Infrastructure.csproj", "{9B7ADD1B-2AFF-7DF7-6F23-2A34096EF98C}"
EndProject
Project("{FAE04EC0-301F-11D3-BF4B-00C04F79EFBC}") = "Identity.Application", "src\Modules\Identity\Identity.Application\Identity.Application.csproj", "{AA722FF4-B416-457F-938B-DE948B0ECB74}"
EndProject
Project("{FAE04EC0-301F-11D3-BF4B-00C04F79EFBC}") = "erp.API", "src\erp.API\erp.API.csproj", "{9F5439AC-69DA-A678-4D63-D75026284502}"
EndProject
Project("{FAE04EC0-301F-11D3-BF4B-00C04F79EFBC}") = "erp.Shared", "src\erp.Shared\erp.Shared.csproj", "{49804052-FB47-F008-D7C8-991117B13520}"
EndProject
Project("{FAE04EC0-301F-11D3-BF4B-00C04F79EFBC}") = "Inventory.Domain", "src\Modules\Inventory\Inventory.Domain\Inventory.Domain.csproj", "{606F76A3-F9AF-4E43-A955-498D95F6F8F6}"
EndProject
Project("{FAE04EC0-301F-11D3-BF4B-00C04F79EFBC}") = "Inventory.Infrastructure", "src\Modules\Inventory\Inventory.Infrastructure\Inventory.Infrastructure.csproj", "{FE4D1BAA-713E-4F20-8D02-CEB98B5B8558}"
EndProject
Project("{FAE04EC0-301F-11D3-BF4B-00C04F79EFBC}") = "Inventory.API", "src\Modules\Inventory\Inventory.API\Inventory.API.csproj", "{F3DFCAE6-8DA2-46B8-B995-447FCDB15E0F}"
EndProject
Project("{FAE04EC0-301F-11D3-BF4B-00C04F79EFBC}") = "Inventory.Application", "src\Modules\Inventory\Inventory.Application\Inventory.Application.csproj", "{ECF34047-3AD2-4885-8F0E-08F2034008C4}"
EndProject
Project("{2150E333-8FDC-42A3-9474-1A3956D46DE8}") = "Sales", "Sales", "{C7DEB9FA-4BFE-4796-AB62-86CF700E2D5E}"
EndProject
Project("{FAE04EC0-301F-11D3-BF4B-00C04F79EFBC}") = "Sales.Infrastructure", "src\Modules\Sales\Sales.Infrastructure\Sales.Infrastructure.csproj", "{B1D7F41D-F214-43D6-9FA6-BB4FB3935149}"
EndProject
Project("{FAE04EC0-301F-11D3-BF4B-00C04F79EFBC}") = "Sales.Application", "src\Modules\Sales\Sales.Application\Sales.Application.csproj", "{B3E60892-D9BE-422B-BA9E-BFAB3D9BDFC8}"
EndProject
Project("{FAE04EC0-301F-11D3-BF4B-00C04F79EFBC}") = "Sales.Domain", "src\Modules\Sales\Sales.Domain\Sales.Domain.csproj", "{2580601C-084B-5F6C-86E8-03057B60BAFA}"
EndProject
Project("{FAE04EC0-301F-11D3-BF4B-00C04F79EFBC}") = "Sales.API", "src\Modules\Sales\Sales.API\Sales.API.csproj", "{24F13AF0-4CFE-953B-C957-1F958B6CB129}"
EndProject
Project("{2150E333-8FDC-42A3-9474-1A3956D46DE8}") = "Finance", "Finance", "{573B263F-78C9-4EE8-BC0E-B6483BADECD6}"
EndProject
Project("{FAE04EC0-301F-11D3-BF4B-00C04F79EFBC}") = "Finance.API", "src\Modules\Finance\Finance.API\Finance.API.csproj", "{85D1D6AB-1F22-48AC-ADC1-410C69DFD7E8}"
EndProject
Project("{FAE04EC0-301F-11D3-BF4B-00C04F79EFBC}") = "Finance.Application", "src\Modules\Finance\Finance.Application\Finance.Application.csproj", "{0545BA98-C411-49C9-B246-E7AD3DEE3F45}"
EndProject
Project("{FAE04EC0-301F-11D3-BF4B-00C04F79EFBC}") = "Finance.Infrastructure", "src\Modules\Finance\Finance.Infrastructure\Finance.Infrastructure.csproj", "{6DA7F257-91E5-44D4-A389-13C891C5DA47}"
EndProject
Project("{FAE04EC0-301F-11D3-BF4B-00C04F79EFBC}") = "Finance.Domain", "src\Modules\Finance\Finance.Domain\Finance.Domain.csproj", "{5DBB5E25-64FC-4066-8607-CBE5D694B628}"
EndProject
Project("{2150E333-8FDC-42A3-9474-1A3956D46DE8}") = "HR", "HR", "{9F324EAF-8CD1-4632-ABAF-1E2091B51AA2}"
EndProject
Project("{FAE04EC0-301F-11D3-BF4B-00C04F79EFBC}") = "HR.API", "src\Modules\HR\HR.API\HR.API.csproj", "{7826E4D9-DCC2-4931-9CB0-201C393A75F4}"
EndProject
Project("{FAE04EC0-301F-11D3-BF4B-00C04F79EFBC}") = "HR.Application", "src\Modules\HR\HR.Application\HR.Application.csproj", "{0B0A1BAE-1784-1076-3A60-EEA938365EA8}"
EndProject
Project("{FAE04EC0-301F-11D3-BF4B-00C04F79EFBC}") = "HR.Domain", "src\Modules\HR\HR.Domain\HR.Domain.csproj", "{F641B20A-9CE7-7E90-4B40-0CEC27751E98}"
EndProject
Project("{FAE04EC0-301F-11D3-BF4B-00C04F79EFBC}") = "HR.Infrastructure", "src\Modules\HR\HR.Infrastructure\HR.Infrastructure.csproj", "{A861F717-33CF-3848-C36D-600740F27FF9}"
EndProject
Global
	GlobalSection(SolutionConfigurationPlatforms) = preSolution
		Debug|Any CPU = Debug|Any CPU
		Debug|x64 = Debug|x64
		Debug|x86 = Debug|x86
		Release|Any CPU = Release|Any CPU
		Release|x64 = Release|x64
		Release|x86 = Release|x86
	EndGlobalSection
	GlobalSection(ProjectConfigurationPlatforms) = postSolution
		{EA4A1D56-ADB7-DA2E-F6A6-1CC82145143B}.Debug|Any CPU.ActiveCfg = Debug|Any CPU
		{EA4A1D56-ADB7-DA2E-F6A6-1CC82145143B}.Debug|Any CPU.Build.0 = Debug|Any CPU
		{EA4A1D56-ADB7-DA2E-F6A6-1CC82145143B}.Debug|x64.ActiveCfg = Debug|Any CPU
		{EA4A1D56-ADB7-DA2E-F6A6-1CC82145143B}.Debug|x64.Build.0 = Debug|Any CPU
		{EA4A1D56-ADB7-DA2E-F6A6-1CC82145143B}.Debug|x86.ActiveCfg = Debug|Any CPU
		{EA4A1D56-ADB7-DA2E-F6A6-1CC82145143B}.Debug|x86.Build.0 = Debug|Any CPU
		{EA4A1D56-ADB7-DA2E-F6A6-1CC82145143B}.Release|Any CPU.ActiveCfg = Release|Any CPU
		{EA4A1D56-ADB7-DA2E-F6A6-1CC82145143B}.Release|Any CPU.Build.0 = Release|Any CPU
		{EA4A1D56-ADB7-DA2E-F6A6-1CC82145143B}.Release|x64.ActiveCfg = Release|Any CPU
		{EA4A1D56-ADB7-DA2E-F6A6-1CC82145143B}.Release|x64.Build.0 = Release|Any CPU
		{EA4A1D56-ADB7-DA2E-F6A6-1CC82145143B}.Release|x86.ActiveCfg = Release|Any CPU
		{EA4A1D56-ADB7-DA2E-F6A6-1CC82145143B}.Release|x86.Build.0 = Release|Any CPU
		{AC65F606-64B2-E230-D41C-30E01BD95171}.Debug|Any CPU.ActiveCfg = Debug|Any CPU
		{AC65F606-64B2-E230-D41C-30E01BD95171}.Debug|Any CPU.Build.0 = Debug|Any CPU
		{AC65F606-64B2-E230-D41C-30E01BD95171}.Debug|x64.ActiveCfg = Debug|Any CPU
		{AC65F606-64B2-E230-D41C-30E01BD95171}.Debug|x64.Build.0 = Debug|Any CPU
		{AC65F606-64B2-E230-D41C-30E01BD95171}.Debug|x86.ActiveCfg = Debug|Any CPU
		{AC65F606-64B2-E230-D41C-30E01BD95171}.Debug|x86.Build.0 = Debug|Any CPU
		{AC65F606-64B2-E230-D41C-30E01BD95171}.Release|Any CPU.ActiveCfg = Release|Any CPU
		{AC65F606-64B2-E230-D41C-30E01BD95171}.Release|Any CPU.Build.0 = Release|Any CPU
		{AC65F606-64B2-E230-D41C-30E01BD95171}.Release|x64.ActiveCfg = Release|Any CPU
		{AC65F606-64B2-E230-D41C-30E01BD95171}.Release|x64.Build.0 = Release|Any CPU
		{AC65F606-64B2-E230-D41C-30E01BD95171}.Release|x86.ActiveCfg = Release|Any CPU
		{AC65F606-64B2-E230-D41C-30E01BD95171}.Release|x86.Build.0 = Release|Any CPU
		{9B7ADD1B-2AFF-7DF7-6F23-2A34096EF98C}.Debug|Any CPU.ActiveCfg = Debug|Any CPU
		{9B7ADD1B-2AFF-7DF7-6F23-2A34096EF98C}.Debug|Any CPU.Build.0 = Debug|Any CPU
		{9B7ADD1B-2AFF-7DF7-6F23-2A34096EF98C}.Debug|x64.ActiveCfg = Debug|Any CPU
		{9B7ADD1B-2AFF-7DF7-6F23-2A34096EF98C}.Debug|x64.Build.0 = Debug|Any CPU
		{9B7ADD1B-2AFF-7DF7-6F23-2A34096EF98C}.Debug|x86.ActiveCfg = Debug|Any CPU
		{9B7ADD1B-2AFF-7DF7-6F23-2A34096EF98C}.Debug|x86.Build.0 = Debug|Any CPU
		{9B7ADD1B-2AFF-7DF7-6F23-2A34096EF98C}.Release|Any CPU.ActiveCfg = Release|Any CPU
		{9B7ADD1B-2AFF-7DF7-6F23-2A34096EF98C}.Release|Any CPU.Build.0 = Release|Any CPU
		{9B7ADD1B-2AFF-7DF7-6F23-2A34096EF98C}.Release|x64.ActiveCfg = Release|Any CPU
		{9B7ADD1B-2AFF-7DF7-6F23-2A34096EF98C}.Release|x64.Build.0 = Release|Any CPU
		{9B7ADD1B-2AFF-7DF7-6F23-2A34096EF98C}.Release|x86.ActiveCfg = Release|Any CPU
		{9B7ADD1B-2AFF-7DF7-6F23-2A34096EF98C}.Release|x86.Build.0 = Release|Any CPU
		{AA722FF4-B416-457F-938B-DE948B0ECB74}.Debug|Any CPU.ActiveCfg = Debug|Any CPU
		{AA722FF4-B416-457F-938B-DE948B0ECB74}.Debug|Any CPU.Build.0 = Debug|Any CPU
		{AA722FF4-B416-457F-938B-DE948B0ECB74}.Debug|x64.ActiveCfg = Debug|Any CPU
		{AA722FF4-B416-457F-938B-DE948B0ECB74}.Debug|x64.Build.0 = Debug|Any CPU
		{AA722FF4-B416-457F-938B-DE948B0ECB74}.Debug|x86.ActiveCfg = Debug|Any CPU
		{AA722FF4-B416-457F-938B-DE948B0ECB74}.Debug|x86.Build.0 = Debug|Any CPU
		{AA722FF4-B416-457F-938B-DE948B0ECB74}.Release|Any CPU.ActiveCfg = Release|Any CPU
		{AA722FF4-B416-457F-938B-DE948B0ECB74}.Release|Any CPU.Build.0 = Release|Any CPU
		{AA722FF4-B416-457F-938B-DE948B0ECB74}.Release|x64.ActiveCfg = Release|Any CPU
		{AA722FF4-B416-457F-938B-DE948B0ECB74}.Release|x64.Build.0 = Release|Any CPU
		{AA722FF4-B416-457F-938B-DE948B0ECB74}.Release|x86.ActiveCfg = Release|Any CPU
		{AA722FF4-B416-457F-938B-DE948B0ECB74}.Release|x86.Build.0 = Release|Any CPU
		{9F5439AC-69DA-A678-4D63-D75026284502}.Debug|Any CPU.ActiveCfg = Debug|Any CPU
		{9F5439AC-69DA-A678-4D63-D75026284502}.Debug|Any CPU.Build.0 = Debug|Any CPU
		{9F5439AC-69DA-A678-4D63-D75026284502}.Debug|x64.ActiveCfg = Debug|Any CPU
		{9F5439AC-69DA-A678-4D63-D75026284502}.Debug|x64.Build.0 = Debug|Any CPU
		{9F5439AC-69DA-A678-4D63-D75026284502}.Debug|x86.ActiveCfg = Debug|Any CPU
		{9F5439AC-69DA-A678-4D63-D75026284502}.Debug|x86.Build.0 = Debug|Any CPU
		{9F5439AC-69DA-A678-4D63-D75026284502}.Release|Any CPU.ActiveCfg = Release|Any CPU
		{9F5439AC-69DA-A678-4D63-D75026284502}.Release|Any CPU.Build.0 = Release|Any CPU
		{9F5439AC-69DA-A678-4D63-D75026284502}.Release|x64.ActiveCfg = Release|Any CPU
		{9F5439AC-69DA-A678-4D63-D75026284502}.Release|x64.Build.0 = Release|Any CPU
		{9F5439AC-69DA-A678-4D63-D75026284502}.Release|x86.ActiveCfg = Release|Any CPU
		{9F5439AC-69DA-A678-4D63-D75026284502}.Release|x86.Build.0 = Release|Any CPU
		{49804052-FB47-F008-D7C8-991117B13520}.Debug|Any CPU.ActiveCfg = Debug|Any CPU
		{49804052-FB47-F008-D7C8-991117B13520}.Debug|Any CPU.Build.0 = Debug|Any CPU
		{49804052-FB47-F008-D7C8-991117B13520}.Debug|x64.ActiveCfg = Debug|Any CPU
		{49804052-FB47-F008-D7C8-991117B13520}.Debug|x64.Build.0 = Debug|Any CPU
		{49804052-FB47-F008-D7C8-991117B13520}.Debug|x86.ActiveCfg = Debug|Any CPU
		{49804052-FB47-F008-D7C8-991117B13520}.Debug|x86.Build.0 = Debug|Any CPU
		{49804052-FB47-F008-D7C8-991117B13520}.Release|Any CPU.ActiveCfg = Release|Any CPU
		{49804052-FB47-F008-D7C8-991117B13520}.Release|Any CPU.Build.0 = Release|Any CPU
		{49804052-FB47-F008-D7C8-991117B13520}.Release|x64.ActiveCfg = Release|Any CPU
		{49804052-FB47-F008-D7C8-991117B13520}.Release|x64.Build.0 = Release|Any CPU
		{49804052-FB47-F008-D7C8-991117B13520}.Release|x86.ActiveCfg = Release|Any CPU
		{49804052-FB47-F008-D7C8-991117B13520}.Release|x86.Build.0 = Release|Any CPU
		{606F76A3-F9AF-4E43-A955-498D95F6F8F6}.Debug|Any CPU.ActiveCfg = Debug|Any CPU
		{606F76A3-F9AF-4E43-A955-498D95F6F8F6}.Debug|Any CPU.Build.0 = Debug|Any CPU
		{606F76A3-F9AF-4E43-A955-498D95F6F8F6}.Debug|x64.ActiveCfg = Debug|Any CPU
		{606F76A3-F9AF-4E43-A955-498D95F6F8F6}.Debug|x64.Build.0 = Debug|Any CPU
		{606F76A3-F9AF-4E43-A955-498D95F6F8F6}.Debug|x86.ActiveCfg = Debug|Any CPU
		{606F76A3-F9AF-4E43-A955-498D95F6F8F6}.Debug|x86.Build.0 = Debug|Any CPU
		{606F76A3-F9AF-4E43-A955-498D95F6F8F6}.Release|Any CPU.ActiveCfg = Release|Any CPU
		{606F76A3-F9AF-4E43-A955-498D95F6F8F6}.Release|Any CPU.Build.0 = Release|Any CPU
		{606F76A3-F9AF-4E43-A955-498D95F6F8F6}.Release|x64.ActiveCfg = Release|Any CPU
		{606F76A3-F9AF-4E43-A955-498D95F6F8F6}.Release|x64.Build.0 = Release|Any CPU
		{606F76A3-F9AF-4E43-A955-498D95F6F8F6}.Release|x86.ActiveCfg = Release|Any CPU
		{606F76A3-F9AF-4E43-A955-498D95F6F8F6}.Release|x86.Build.0 = Release|Any CPU
		{FE4D1BAA-713E-4F20-8D02-CEB98B5B8558}.Debug|Any CPU.ActiveCfg = Debug|Any CPU
		{FE4D1BAA-713E-4F20-8D02-CEB98B5B8558}.Debug|Any CPU.Build.0 = Debug|Any CPU
		{FE4D1BAA-713E-4F20-8D02-CEB98B5B8558}.Debug|x64.ActiveCfg = Debug|Any CPU
		{FE4D1BAA-713E-4F20-8D02-CEB98B5B8558}.Debug|x64.Build.0 = Debug|Any CPU
		{FE4D1BAA-713E-4F20-8D02-CEB98B5B8558}.Debug|x86.ActiveCfg = Debug|Any CPU
		{FE4D1BAA-713E-4F20-8D02-CEB98B5B8558}.Debug|x86.Build.0 = Debug|Any CPU
		{FE4D1BAA-713E-4F20-8D02-CEB98B5B8558}.Release|Any CPU.ActiveCfg = Release|Any CPU
		{FE4D1BAA-713E-4F20-8D02-CEB98B5B8558}.Release|Any CPU.Build.0 = Release|Any CPU
		{FE4D1BAA-713E-4F20-8D02-CEB98B5B8558}.Release|x64.ActiveCfg = Release|Any CPU
		{FE4D1BAA-713E-4F20-8D02-CEB98B5B8558}.Release|x64.Build.0 = Release|Any CPU
		{FE4D1BAA-713E-4F20-8D02-CEB98B5B8558}.Release|x86.ActiveCfg = Release|Any CPU
		{FE4D1BAA-713E-4F20-8D02-CEB98B5B8558}.Release|x86.Build.0 = Release|Any CPU
		{F3DFCAE6-8DA2-46B8-B995-447FCDB15E0F}.Debug|Any CPU.ActiveCfg = Debug|Any CPU
		{F3DFCAE6-8DA2-46B8-B995-447FCDB15E0F}.Debug|Any CPU.Build.0 = Debug|Any CPU
		{F3DFCAE6-8DA2-46B8-B995-447FCDB15E0F}.Debug|x64.ActiveCfg = Debug|Any CPU
		{F3DFCAE6-8DA2-46B8-B995-447FCDB15E0F}.Debug|x64.Build.0 = Debug|Any CPU
		{F3DFCAE6-8DA2-46B8-B995-447FCDB15E0F}.Debug|x86.ActiveCfg = Debug|Any CPU
		{F3DFCAE6-8DA2-46B8-B995-447FCDB15E0F}.Debug|x86.Build.0 = Debug|Any CPU
		{F3DFCAE6-8DA2-46B8-B995-447FCDB15E0F}.Release|Any CPU.ActiveCfg = Release|Any CPU
		{F3DFCAE6-8DA2-46B8-B995-447FCDB15E0F}.Release|Any CPU.Build.0 = Release|Any CPU
		{F3DFCAE6-8DA2-46B8-B995-447FCDB15E0F}.Release|x64.ActiveCfg = Release|Any CPU
		{F3DFCAE6-8DA2-46B8-B995-447FCDB15E0F}.Release|x64.Build.0 = Release|Any CPU
		{F3DFCAE6-8DA2-46B8-B995-447FCDB15E0F}.Release|x86.ActiveCfg = Release|Any CPU
		{F3DFCAE6-8DA2-46B8-B995-447FCDB15E0F}.Release|x86.Build.0 = Release|Any CPU
		{ECF34047-3AD2-4885-8F0E-08F2034008C4}.Debug|Any CPU.ActiveCfg = Debug|Any CPU
		{ECF34047-3AD2-4885-8F0E-08F2034008C4}.Debug|Any CPU.Build.0 = Debug|Any CPU
		{ECF34047-3AD2-4885-8F0E-08F2034008C4}.Debug|x64.ActiveCfg = Debug|Any CPU
		{ECF34047-3AD2-4885-8F0E-08F2034008C4}.Debug|x64.Build.0 = Debug|Any CPU
		{ECF34047-3AD2-4885-8F0E-08F2034008C4}.Debug|x86.ActiveCfg = Debug|Any CPU
		{ECF34047-3AD2-4885-8F0E-08F2034008C4}.Debug|x86.Build.0 = Debug|Any CPU
		{ECF34047-3AD2-4885-8F0E-08F2034008C4}.Release|Any CPU.ActiveCfg = Release|Any CPU
		{ECF34047-3AD2-4885-8F0E-08F2034008C4}.Release|Any CPU.Build.0 = Release|Any CPU
		{ECF34047-3AD2-4885-8F0E-08F2034008C4}.Release|x64.ActiveCfg = Release|Any CPU
		{ECF34047-3AD2-4885-8F0E-08F2034008C4}.Release|x64.Build.0 = Release|Any CPU
		{ECF34047-3AD2-4885-8F0E-08F2034008C4}.Release|x86.ActiveCfg = Release|Any CPU
		{ECF34047-3AD2-4885-8F0E-08F2034008C4}.Release|x86.Build.0 = Release|Any CPU
		{B1D7F41D-F214-43D6-9FA6-BB4FB3935149}.Debug|Any CPU.ActiveCfg = Debug|Any CPU
		{B1D7F41D-F214-43D6-9FA6-BB4FB3935149}.Debug|Any CPU.Build.0 = Debug|Any CPU
		{B1D7F41D-F214-43D6-9FA6-BB4FB3935149}.Debug|x64.ActiveCfg = Debug|Any CPU
		{B1D7F41D-F214-43D6-9FA6-BB4FB3935149}.Debug|x64.Build.0 = Debug|Any CPU
		{B1D7F41D-F214-43D6-9FA6-BB4FB3935149}.Debug|x86.ActiveCfg = Debug|Any CPU
		{B1D7F41D-F214-43D6-9FA6-BB4FB3935149}.Debug|x86.Build.0 = Debug|Any CPU
		{B1D7F41D-F214-43D6-9FA6-BB4FB3935149}.Release|Any CPU.ActiveCfg = Release|Any CPU
		{B1D7F41D-F214-43D6-9FA6-BB4FB3935149}.Release|Any CPU.Build.0 = Release|Any CPU
		{B1D7F41D-F214-43D6-9FA6-BB4FB3935149}.Release|x64.ActiveCfg = Release|Any CPU
		{B1D7F41D-F214-43D6-9FA6-BB4FB3935149}.Release|x64.Build.0 = Release|Any CPU
		{B1D7F41D-F214-43D6-9FA6-BB4FB3935149}.Release|x86.ActiveCfg = Release|Any CPU
		{B1D7F41D-F214-43D6-9FA6-BB4FB3935149}.Release|x86.Build.0 = Release|Any CPU
		{B3E60892-D9BE-422B-BA9E-BFAB3D9BDFC8}.Debug|Any CPU.ActiveCfg = Debug|Any CPU
		{B3E60892-D9BE-422B-BA9E-BFAB3D9BDFC8}.Debug|Any CPU.Build.0 = Debug|Any CPU
		{B3E60892-D9BE-422B-BA9E-BFAB3D9BDFC8}.Debug|x64.ActiveCfg = Debug|Any CPU
		{B3E60892-D9BE-422B-BA9E-BFAB3D9BDFC8}.Debug|x64.Build.0 = Debug|Any CPU
		{B3E60892-D9BE-422B-BA9E-BFAB3D9BDFC8}.Debug|x86.ActiveCfg = Debug|Any CPU
		{B3E60892-D9BE-422B-BA9E-BFAB3D9BDFC8}.Debug|x86.Build.0 = Debug|Any CPU
		{B3E60892-D9BE-422B-BA9E-BFAB3D9BDFC8}.Release|Any CPU.ActiveCfg = Release|Any CPU
		{B3E60892-D9BE-422B-BA9E-BFAB3D9BDFC8}.Release|Any CPU.Build.0 = Release|Any CPU
		{B3E60892-D9BE-422B-BA9E-BFAB3D9BDFC8}.Release|x64.ActiveCfg = Release|Any CPU
		{B3E60892-D9BE-422B-BA9E-BFAB3D9BDFC8}.Release|x64.Build.0 = Release|Any CPU
		{B3E60892-D9BE-422B-BA9E-BFAB3D9BDFC8}.Release|x86.ActiveCfg = Release|Any CPU
		{B3E60892-D9BE-422B-BA9E-BFAB3D9BDFC8}.Release|x86.Build.0 = Release|Any CPU
		{2580601C-084B-5F6C-86E8-03057B60BAFA}.Debug|Any CPU.ActiveCfg = Debug|Any CPU
		{2580601C-084B-5F6C-86E8-03057B60BAFA}.Debug|Any CPU.Build.0 = Debug|Any CPU
		{2580601C-084B-5F6C-86E8-03057B60BAFA}.Debug|x64.ActiveCfg = Debug|Any CPU
		{2580601C-084B-5F6C-86E8-03057B60BAFA}.Debug|x64.Build.0 = Debug|Any CPU
		{2580601C-084B-5F6C-86E8-03057B60BAFA}.Debug|x86.ActiveCfg = Debug|Any CPU
		{2580601C-084B-5F6C-86E8-03057B60BAFA}.Debug|x86.Build.0 = Debug|Any CPU
		{2580601C-084B-5F6C-86E8-03057B60BAFA}.Release|Any CPU.ActiveCfg = Release|Any CPU
		{2580601C-084B-5F6C-86E8-03057B60BAFA}.Release|Any CPU.Build.0 = Release|Any CPU
		{2580601C-084B-5F6C-86E8-03057B60BAFA}.Release|x64.ActiveCfg = Release|Any CPU
		{2580601C-084B-5F6C-86E8-03057B60BAFA}.Release|x64.Build.0 = Release|Any CPU
		{2580601C-084B-5F6C-86E8-03057B60BAFA}.Release|x86.ActiveCfg = Release|Any CPU
		{2580601C-084B-5F6C-86E8-03057B60BAFA}.Release|x86.Build.0 = Release|Any CPU
		{24F13AF0-4CFE-953B-C957-1F958B6CB129}.Debug|Any CPU.ActiveCfg = Debug|Any CPU
		{24F13AF0-4CFE-953B-C957-1F958B6CB129}.Debug|Any CPU.Build.0 = Debug|Any CPU
		{24F13AF0-4CFE-953B-C957-1F958B6CB129}.Debug|x64.ActiveCfg = Debug|Any CPU
		{24F13AF0-4CFE-953B-C957-1F958B6CB129}.Debug|x64.Build.0 = Debug|Any CPU
		{24F13AF0-4CFE-953B-C957-1F958B6CB129}.Debug|x86.ActiveCfg = Debug|Any CPU
		{24F13AF0-4CFE-953B-C957-1F958B6CB129}.Debug|x86.Build.0 = Debug|Any CPU
		{24F13AF0-4CFE-953B-C957-1F958B6CB129}.Release|Any CPU.ActiveCfg = Release|Any CPU
		{24F13AF0-4CFE-953B-C957-1F958B6CB129}.Release|Any CPU.Build.0 = Release|Any CPU
		{24F13AF0-4CFE-953B-C957-1F958B6CB129}.Release|x64.ActiveCfg = Release|Any CPU
		{24F13AF0-4CFE-953B-C957-1F958B6CB129}.Release|x64.Build.0 = Release|Any CPU
		{24F13AF0-4CFE-953B-C957-1F958B6CB129}.Release|x86.ActiveCfg = Release|Any CPU
		{24F13AF0-4CFE-953B-C957-1F958B6CB129}.Release|x86.Build.0 = Release|Any CPU
		{85D1D6AB-1F22-48AC-ADC1-410C69DFD7E8}.Debug|Any CPU.ActiveCfg = Debug|Any CPU
		{85D1D6AB-1F22-48AC-ADC1-410C69DFD7E8}.Debug|Any CPU.Build.0 = Debug|Any CPU
		{85D1D6AB-1F22-48AC-ADC1-410C69DFD7E8}.Debug|x64.ActiveCfg = Debug|Any CPU
		{85D1D6AB-1F22-48AC-ADC1-410C69DFD7E8}.Debug|x64.Build.0 = Debug|Any CPU
		{85D1D6AB-1F22-48AC-ADC1-410C69DFD7E8}.Debug|x86.ActiveCfg = Debug|Any CPU
		{85D1D6AB-1F22-48AC-ADC1-410C69DFD7E8}.Debug|x86.Build.0 = Debug|Any CPU
		{85D1D6AB-1F22-48AC-ADC1-410C69DFD7E8}.Release|Any CPU.ActiveCfg = Release|Any CPU
		{85D1D6AB-1F22-48AC-ADC1-410C69DFD7E8}.Release|Any CPU.Build.0 = Release|Any CPU
		{85D1D6AB-1F22-48AC-ADC1-410C69DFD7E8}.Release|x64.ActiveCfg = Release|Any CPU
		{85D1D6AB-1F22-48AC-ADC1-410C69DFD7E8}.Release|x64.Build.0 = Release|Any CPU
		{85D1D6AB-1F22-48AC-ADC1-410C69DFD7E8}.Release|x86.ActiveCfg = Release|Any CPU
		{85D1D6AB-1F22-48AC-ADC1-410C69DFD7E8}.Release|x86.Build.0 = Release|Any CPU
		{0545BA98-C411-49C9-B246-E7AD3DEE3F45}.Debug|Any CPU.ActiveCfg = Debug|Any CPU
		{0545BA98-C411-49C9-B246-E7AD3DEE3F45}.Debug|Any CPU.Build.0 = Debug|Any CPU
		{0545BA98-C411-49C9-B246-E7AD3DEE3F45}.Debug|x64.ActiveCfg = Debug|Any CPU
		{0545BA98-C411-49C9-B246-E7AD3DEE3F45}.Debug|x64.Build.0 = Debug|Any CPU
		{0545BA98-C411-49C9-B246-E7AD3DEE3F45}.Debug|x86.ActiveCfg = Debug|Any CPU
		{0545BA98-C411-49C9-B246-E7AD3DEE3F45}.Debug|x86.Build.0 = Debug|Any CPU
		{0545BA98-C411-49C9-B246-E7AD3DEE3F45}.Release|Any CPU.ActiveCfg = Release|Any CPU
		{0545BA98-C411-49C9-B246-E7AD3DEE3F45}.Release|Any CPU.Build.0 = Release|Any CPU
		{0545BA98-C411-49C9-B246-E7AD3DEE3F45}.Release|x64.ActiveCfg = Release|Any CPU
		{0545BA98-C411-49C9-B246-E7AD3DEE3F45}.Release|x64.Build.0 = Release|Any CPU
		{0545BA98-C411-49C9-B246-E7AD3DEE3F45}.Release|x86.ActiveCfg = Release|Any CPU
		{0545BA98-C411-49C9-B246-E7AD3DEE3F45}.Release|x86.Build.0 = Release|Any CPU
		{6DA7F257-91E5-44D4-A389-13C891C5DA47}.Debug|Any CPU.ActiveCfg = Debug|Any CPU
		{6DA7F257-91E5-44D4-A389-13C891C5DA47}.Debug|Any CPU.Build.0 = Debug|Any CPU
		{6DA7F257-91E5-44D4-A389-13C891C5DA47}.Debug|x64.ActiveCfg = Debug|Any CPU
		{6DA7F257-91E5-44D4-A389-13C891C5DA47}.Debug|x64.Build.0 = Debug|Any CPU
		{6DA7F257-91E5-44D4-A389-13C891C5DA47}.Debug|x86.ActiveCfg = Debug|Any CPU
		{6DA7F257-91E5-44D4-A389-13C891C5DA47}.Debug|x86.Build.0 = Debug|Any CPU
		{6DA7F257-91E5-44D4-A389-13C891C5DA47}.Release|Any CPU.ActiveCfg = Release|Any CPU
		{6DA7F257-91E5-44D4-A389-13C891C5DA47}.Release|Any CPU.Build.0 = Release|Any CPU
		{6DA7F257-91E5-44D4-A389-13C891C5DA47}.Release|x64.ActiveCfg = Release|Any CPU
		{6DA7F257-91E5-44D4-A389-13C891C5DA47}.Release|x64.Build.0 = Release|Any CPU
		{6DA7F257-91E5-44D4-A389-13C891C5DA47}.Release|x86.ActiveCfg = Release|Any CPU
		{6DA7F257-91E5-44D4-A389-13C891C5DA47}.Release|x86.Build.0 = Release|Any CPU
		{5DBB5E25-64FC-4066-8607-CBE5D694B628}.Debug|Any CPU.ActiveCfg = Debug|Any CPU
		{5DBB5E25-64FC-4066-8607-CBE5D694B628}.Debug|Any CPU.Build.0 = Debug|Any CPU
		{5DBB5E25-64FC-4066-8607-CBE5D694B628}.Debug|x64.ActiveCfg = Debug|Any CPU
		{5DBB5E25-64FC-4066-8607-CBE5D694B628}.Debug|x64.Build.0 = Debug|Any CPU
		{5DBB5E25-64FC-4066-8607-CBE5D694B628}.Debug|x86.ActiveCfg = Debug|Any CPU
		{5DBB5E25-64FC-4066-8607-CBE5D694B628}.Debug|x86.Build.0 = Debug|Any CPU
		{5DBB5E25-64FC-4066-8607-CBE5D694B628}.Release|Any CPU.ActiveCfg = Release|Any CPU
		{5DBB5E25-64FC-4066-8607-CBE5D694B628}.Release|Any CPU.Build.0 = Release|Any CPU
		{5DBB5E25-64FC-4066-8607-CBE5D694B628}.Release|x64.ActiveCfg = Release|Any CPU
		{5DBB5E25-64FC-4066-8607-CBE5D694B628}.Release|x64.Build.0 = Release|Any CPU
		{5DBB5E25-64FC-4066-8607-CBE5D694B628}.Release|x86.ActiveCfg = Release|Any CPU
		{5DBB5E25-64FC-4066-8607-CBE5D694B628}.Release|x86.Build.0 = Release|Any CPU
		{7826E4D9-DCC2-4931-9CB0-201C393A75F4}.Debug|Any CPU.ActiveCfg = Debug|Any CPU
		{7826E4D9-DCC2-4931-9CB0-201C393A75F4}.Debug|Any CPU.Build.0 = Debug|Any CPU
		{7826E4D9-DCC2-4931-9CB0-201C393A75F4}.Debug|x64.ActiveCfg = Debug|Any CPU
		{7826E4D9-DCC2-4931-9CB0-201C393A75F4}.Debug|x64.Build.0 = Debug|Any CPU
		{7826E4D9-DCC2-4931-9CB0-201C393A75F4}.Debug|x86.ActiveCfg = Debug|Any CPU
		{7826E4D9-DCC2-4931-9CB0-201C393A75F4}.Debug|x86.Build.0 = Debug|Any CPU
		{7826E4D9-DCC2-4931-9CB0-201C393A75F4}.Release|Any CPU.ActiveCfg = Release|Any CPU
		{7826E4D9-DCC2-4931-9CB0-201C393A75F4}.Release|Any CPU.Build.0 = Release|Any CPU
		{7826E4D9-DCC2-4931-9CB0-201C393A75F4}.Release|x64.ActiveCfg = Release|Any CPU
		{7826E4D9-DCC2-4931-9CB0-201C393A75F4}.Release|x64.Build.0 = Release|Any CPU
		{7826E4D9-DCC2-4931-9CB0-201C393A75F4}.Release|x86.ActiveCfg = Release|Any CPU
		{7826E4D9-DCC2-4931-9CB0-201C393A75F4}.Release|x86.Build.0 = Release|Any CPU
		{0B0A1BAE-1784-1076-3A60-EEA938365EA8}.Debug|Any CPU.ActiveCfg = Debug|Any CPU
		{0B0A1BAE-1784-1076-3A60-EEA938365EA8}.Debug|Any CPU.Build.0 = Debug|Any CPU
		{0B0A1BAE-1784-1076-3A60-EEA938365EA8}.Debug|x64.ActiveCfg = Debug|Any CPU
		{0B0A1BAE-1784-1076-3A60-EEA938365EA8}.Debug|x64.Build.0 = Debug|Any CPU
		{0B0A1BAE-1784-1076-3A60-EEA938365EA8}.Debug|x86.ActiveCfg = Debug|Any CPU
		{0B0A1BAE-1784-1076-3A60-EEA938365EA8}.Debug|x86.Build.0 = Debug|Any CPU
		{0B0A1BAE-1784-1076-3A60-EEA938365EA8}.Release|Any CPU.ActiveCfg = Release|Any CPU
		{0B0A1BAE-1784-1076-3A60-EEA938365EA8}.Release|Any CPU.Build.0 = Release|Any CPU
		{0B0A1BAE-1784-1076-3A60-EEA938365EA8}.Release|x64.ActiveCfg = Release|Any CPU
		{0B0A1BAE-1784-1076-3A60-EEA938365EA8}.Release|x64.Build.0 = Release|Any CPU
		{0B0A1BAE-1784-1076-3A60-EEA938365EA8}.Release|x86.ActiveCfg = Release|Any CPU
		{0B0A1BAE-1784-1076-3A60-EEA938365EA8}.Release|x86.Build.0 = Release|Any CPU
		{F641B20A-9CE7-7E90-4B40-0CEC27751E98}.Debug|Any CPU.ActiveCfg = Debug|Any CPU
		{F641B20A-9CE7-7E90-4B40-0CEC27751E98}.Debug|Any CPU.Build.0 = Debug|Any CPU
		{F641B20A-9CE7-7E90-4B40-0CEC27751E98}.Debug|x64.ActiveCfg = Debug|Any CPU
		{F641B20A-9CE7-7E90-4B40-0CEC27751E98}.Debug|x64.Build.0 = Debug|Any CPU
		{F641B20A-9CE7-7E90-4B40-0CEC27751E98}.Debug|x86.ActiveCfg = Debug|Any CPU
		{F641B20A-9CE7-7E90-4B40-0CEC27751E98}.Debug|x86.Build.0 = Debug|Any CPU
		{F641B20A-9CE7-7E90-4B40-0CEC27751E98}.Release|Any CPU.ActiveCfg = Release|Any CPU
		{F641B20A-9CE7-7E90-4B40-0CEC27751E98}.Release|Any CPU.Build.0 = Release|Any CPU
		{F641B20A-9CE7-7E90-4B40-0CEC27751E98}.Release|x64.ActiveCfg = Release|Any CPU
		{F641B20A-9CE7-7E90-4B40-0CEC27751E98}.Release|x64.Build.0 = Release|Any CPU
		{F641B20A-9CE7-7E90-4B40-0CEC27751E98}.Release|x86.ActiveCfg = Release|Any CPU
		{F641B20A-9CE7-7E90-4B40-0CEC27751E98}.Release|x86.Build.0 = Release|Any CPU
		{A861F717-33CF-3848-C36D-600740F27FF9}.Debug|Any CPU.ActiveCfg = Debug|Any CPU
		{A861F717-33CF-3848-C36D-600740F27FF9}.Debug|Any CPU.Build.0 = Debug|Any CPU
		{A861F717-33CF-3848-C36D-600740F27FF9}.Debug|x64.ActiveCfg = Debug|Any CPU
		{A861F717-33CF-3848-C36D-600740F27FF9}.Debug|x64.Build.0 = Debug|Any CPU
		{A861F717-33CF-3848-C36D-600740F27FF9}.Debug|x86.ActiveCfg = Debug|Any CPU
		{A861F717-33CF-3848-C36D-600740F27FF9}.Debug|x86.Build.0 = Debug|Any CPU
		{A861F717-33CF-3848-C36D-600740F27FF9}.Release|Any CPU.ActiveCfg = Release|Any CPU
		{A861F717-33CF-3848-C36D-600740F27FF9}.Release|Any CPU.Build.0 = Release|Any CPU
		{A861F717-33CF-3848-C36D-600740F27FF9}.Release|x64.ActiveCfg = Release|Any CPU
		{A861F717-33CF-3848-C36D-600740F27FF9}.Release|x64.Build.0 = Release|Any CPU
		{A861F717-33CF-3848-C36D-600740F27FF9}.Release|x86.ActiveCfg = Release|Any CPU
		{A861F717-33CF-3848-C36D-600740F27FF9}.Release|x86.Build.0 = Release|Any CPU
	EndGlobalSection
	GlobalSection(SolutionProperties) = preSolution
		HideSolutionNode = FALSE
	EndGlobalSection
	GlobalSection(NestedProjects) = preSolution
		{CE332713-E0A2-4C46-8749-E1F0DD0367C5} = {02EA681E-C7D8-13C7-8484-4AC65E1B71E8}
		{6C312C40-BC7C-4BFB-9F07-BFC2A8AA47F9} = {CE332713-E0A2-4C46-8749-E1F0DD0367C5}
		{ED79C709-23C8-45A1-8996-C1FCEB145077} = {CE332713-E0A2-4C46-8749-E1F0DD0367C5}
		{EA4A1D56-ADB7-DA2E-F6A6-1CC82145143B} = {6C312C40-BC7C-4BFB-9F07-BFC2A8AA47F9}
		{AC65F606-64B2-E230-D41C-30E01BD95171} = {6C312C40-BC7C-4BFB-9F07-BFC2A8AA47F9}
		{9B7ADD1B-2AFF-7DF7-6F23-2A34096EF98C} = {6C312C40-BC7C-4BFB-9F07-BFC2A8AA47F9}
		{AA722FF4-B416-457F-938B-DE948B0ECB74} = {6C312C40-BC7C-4BFB-9F07-BFC2A8AA47F9}
		{9F5439AC-69DA-A678-4D63-D75026284502} = {02EA681E-C7D8-13C7-8484-4AC65E1B71E8}
		{49804052-FB47-F008-D7C8-991117B13520} = {02EA681E-C7D8-13C7-8484-4AC65E1B71E8}
		{606F76A3-F9AF-4E43-A955-498D95F6F8F6} = {ED79C709-23C8-45A1-8996-C1FCEB145077}
		{FE4D1BAA-713E-4F20-8D02-CEB98B5B8558} = {ED79C709-23C8-45A1-8996-C1FCEB145077}
		{F3DFCAE6-8DA2-46B8-B995-447FCDB15E0F} = {ED79C709-23C8-45A1-8996-C1FCEB145077}
		{ECF34047-3AD2-4885-8F0E-08F2034008C4} = {ED79C709-23C8-45A1-8996-C1FCEB145077}
		{C7DEB9FA-4BFE-4796-AB62-86CF700E2D5E} = {CE332713-E0A2-4C46-8749-E1F0DD0367C5}
		{B1D7F41D-F214-43D6-9FA6-BB4FB3935149} = {C7DEB9FA-4BFE-4796-AB62-86CF700E2D5E}
		{B3E60892-D9BE-422B-BA9E-BFAB3D9BDFC8} = {C7DEB9FA-4BFE-4796-AB62-86CF700E2D5E}
		{2580601C-084B-5F6C-86E8-03057B60BAFA} = {C7DEB9FA-4BFE-4796-AB62-86CF700E2D5E}
		{24F13AF0-4CFE-953B-C957-1F958B6CB129} = {C7DEB9FA-4BFE-4796-AB62-86CF700E2D5E}
		{573B263F-78C9-4EE8-BC0E-B6483BADECD6} = {CE332713-E0A2-4C46-8749-E1F0DD0367C5}
		{85D1D6AB-1F22-48AC-ADC1-410C69DFD7E8} = {573B263F-78C9-4EE8-BC0E-B6483BADECD6}
		{0545BA98-C411-49C9-B246-E7AD3DEE3F45} = {573B263F-78C9-4EE8-BC0E-B6483BADECD6}
		{6DA7F257-91E5-44D4-A389-13C891C5DA47} = {573B263F-78C9-4EE8-BC0E-B6483BADECD6}
		{5DBB5E25-64FC-4066-8607-CBE5D694B628} = {573B263F-78C9-4EE8-BC0E-B6483BADECD6}
		{9F324EAF-8CD1-4632-ABAF-1E2091B51AA2} = {CE332713-E0A2-4C46-8749-E1F0DD0367C5}
		{7826E4D9-DCC2-4931-9CB0-201C393A75F4} = {9F324EAF-8CD1-4632-ABAF-1E2091B51AA2}
		{0B0A1BAE-1784-1076-3A60-EEA938365EA8} = {9F324EAF-8CD1-4632-ABAF-1E2091B51AA2}
		{F641B20A-9CE7-7E90-4B40-0CEC27751E98} = {9F324EAF-8CD1-4632-ABAF-1E2091B51AA2}
		{A861F717-33CF-3848-C36D-600740F27FF9} = {9F324EAF-8CD1-4632-ABAF-1E2091B51AA2}
	EndGlobalSection
	GlobalSection(ExtensibilityGlobals) = postSolution
		SolutionGuid = {2AFEEE5B-818D-41FD-AE84-BD014A1F4532}
	EndGlobalSection
EndGlobal
