
Microsoft Visual Studio Solution File, Format Version 12.00
# Visual Studio Version 17
VisualStudioVersion = 17.0.31903.59
MinimumVisualStudioVersion = 10.0.40219.1
Project("{2150E333-8FDC-42A3-9474-1A3956D46DE8}") = "Services", "Services", "{5854FF58-B8C5-05C6-5BF2-ACE42193F22B}"
EndProject
Project("{2150E333-8FDC-42A3-9474-1A3956D46DE8}") = "Account", "Account", "{48E4B050-585E-EF4B-0CE8-91DE6EADA53B}"
EndProject
Project("{FAE04EC0-301F-11D3-BF4B-00C04F79EFBC}") = "Account.API", "Services\Account\Account.API\Account.API.csproj", "{106B6B52-016C-4449-A190-61C7EB95C98D}"
EndProject
Project("{FAE04EC0-301F-11D3-BF4B-00C04F79EFBC}") = "Account.Application", "Services\Account\Account.Application\Account.Application.csproj", "{C4EC8EDC-F831-4A65-9875-17C6B6804320}"
EndProject
Project("{FAE04EC0-301F-11D3-BF4B-00C04F79EFBC}") = "Account.Domain", "Services\Account\Account.Domain\Account.Domain.csproj", "{903861B6-9D34-41ED-87C4-94FBB462E4CB}"
EndProject
Project("{FAE04EC0-301F-11D3-BF4B-00C04F79EFBC}") = "Common", "Services\Common\Common\Common.csproj", "{DD719525-EAD8-4617-9D8F-F2CFDA1DCCEB}"
EndProject
Project("{FAE04EC0-301F-11D3-BF4B-00C04F79EFBC}") = "Account.Infrastructure", "Services\Account\Account.Infrastructure\Account.Infrastructure.csproj", "{282255C4-A05A-4C61-AEB3-241A1547FEC6}"
EndProject
Project("{2150E333-8FDC-42A3-9474-1A3956D46DE8}") = "Common", "Common", "{34A6347E-48EB-1D98-BDE0-2F1DC5F0D348}"
EndProject
Project("{2150E333-8FDC-42A3-9474-1A3956D46DE8}") = "HR", "HR", "{6B2CB54C-E7F8-C45B-A4DA-FB37389901FF}"
EndProject
Project("{FAE04EC0-301F-11D3-BF4B-00C04F79EFBC}") = "HR.API", "Services\HR\HR.API\HR.API.csproj", "{B3687EE1-04B6-4179-A684-74D6D018B01E}"
EndProject
Project("{FAE04EC0-301F-11D3-BF4B-00C04F79EFBC}") = "HR.Application", "Services\HR\HR.Application\HR.Application.csproj", "{A16305D1-CB43-4240-AC14-4E8B702A44F7}"
EndProject
Project("{FAE04EC0-301F-11D3-BF4B-00C04F79EFBC}") = "HR.Domain", "Services\HR\HR.Domain\HR.Domain.csproj", "{B168DB18-1BD3-4D84-B648-C3B6462C1B56}"
EndProject
Project("{FAE04EC0-301F-11D3-BF4B-00C04F79EFBC}") = "HR.Infrastructure", "Services\HR\HR.Infrastructure\HR.Infrastructure.csproj", "{3649BA17-2194-497A-9CA5-05DF2D36652C}"
EndProject
Project("{2150E333-8FDC-42A3-9474-1A3956D46DE8}") = "Purchase", "Purchase", "{13C37D78-89C1-9740-1254-FCC4D4FEAACB}"
EndProject
Project("{FAE04EC0-301F-11D3-BF4B-00C04F79EFBC}") = "Purchase.API", "Services\Purchase\Purchase.API\Purchase.API.csproj", "{C05933BB-46CB-4233-8668-DA2439221949}"
EndProject
Project("{FAE04EC0-301F-11D3-BF4B-00C04F79EFBC}") = "Purchase.Application", "Services\Purchase\Purchase.Application\Purchase.Application.csproj", "{A8667E56-43F4-471E-9CC2-C973B022B699}"
EndProject
Project("{FAE04EC0-301F-11D3-BF4B-00C04F79EFBC}") = "Purchase.Domain", "Services\Purchase\Purchase.Domain\Purchase.Domain.csproj", "{DEB61EC3-4702-4BA2-AD4E-89C66EE24925}"
EndProject
Project("{FAE04EC0-301F-11D3-BF4B-00C04F79EFBC}") = "Purchase.Infrastructure", "Services\Purchase\Purchase.Infrastructure\Purchase.Infrastructure.csproj", "{0A935534-AD4B-4611-9589-6F3C90869DFF}"
EndProject
Project("{2150E333-8FDC-42A3-9474-1A3956D46DE8}") = "Sales", "Sales", "{00D5FA09-9A52-E7D4-27A8-8813305D18EB}"
EndProject
Project("{FAE04EC0-301F-11D3-BF4B-00C04F79EFBC}") = "Sales.API", "Services\Sales\Sales.API\Sales.API.csproj", "{CE148825-0731-438F-9A32-0C8E0CB93C56}"
EndProject
Project("{FAE04EC0-301F-11D3-BF4B-00C04F79EFBC}") = "Sales.Application", "Services\Sales\Sales.Application\Sales.Application.csproj", "{C0C788EE-D3CB-484E-92EF-19200E29C86E}"
EndProject
Project("{FAE04EC0-301F-11D3-BF4B-00C04F79EFBC}") = "Sales.Domain", "Services\Sales\Sales.Domain\Sales.Domain.csproj", "{3E33B0F4-70D3-4F18-91D8-CCC039AA0573}"
EndProject
Project("{FAE04EC0-301F-11D3-BF4B-00C04F79EFBC}") = "Sales.Infrastructure", "Services\Sales\Sales.Infrastructure\Sales.Infrastructure.csproj", "{F1B10976-936C-4C48-BFDE-E5469768B071}"
EndProject
Project("{2150E333-8FDC-42A3-9474-1A3956D46DE8}") = "Stock", "Stock", "{0289CD13-508D-C519-AE8F-FD197AAB0A42}"
EndProject
Project("{FAE04EC0-301F-11D3-BF4B-00C04F79EFBC}") = "Stock.API", "Services\Stock\Stock.API\Stock.API.csproj", "{16F2D535-0EF4-4839-AD1D-9D2B9CE3F8F1}"
EndProject
Project("{FAE04EC0-301F-11D3-BF4B-00C04F79EFBC}") = "Stock.Application", "Services\Stock\Stock.Application\Stock.Application.csproj", "{64E51B58-37E9-47AA-A2AE-D5F8565234FF}"
EndProject
Project("{FAE04EC0-301F-11D3-BF4B-00C04F79EFBC}") = "Stock.Domain", "Services\Stock\Stock.Domain\Stock.Domain.csproj", "{50266D85-D76F-4A49-9290-6F9F32454AE9}"
EndProject
Project("{FAE04EC0-301F-11D3-BF4B-00C04F79EFBC}") = "Stock.Infrastructure", "Services\Stock\Stock.Infrastructure\Stock.Infrastructure.csproj", "{9E39A6DE-7D76-4F44-8B38-415B397D615E}"
EndProject
Project("{2150E333-8FDC-42A3-9474-1A3956D46DE8}") = "User", "User", "{5979469B-CEB9-B27D-9095-D604475979B8}"
EndProject
Project("{FAE04EC0-301F-11D3-BF4B-00C04F79EFBC}") = "User.API", "Services\User\User.API\User.API.csproj", "{190DEB70-2A5B-47B0-AA9F-B267E51700EE}"
EndProject
Project("{FAE04EC0-301F-11D3-BF4B-00C04F79EFBC}") = "User.Application", "Services\User\User.Application\User.Application.csproj", "{158432DE-25F2-4DFE-A623-9FFCF703FC75}"
EndProject
Project("{FAE04EC0-301F-11D3-BF4B-00C04F79EFBC}") = "User.Domain", "Services\User\User.Domain\User.Domain.csproj", "{0BE8325D-2EB1-4000-A12B-D7DB69B82336}"
EndProject
Project("{FAE04EC0-301F-11D3-BF4B-00C04F79EFBC}") = "User.Infrastructure", "Services\User\User.Infrastructure\User.Infrastructure.csproj", "{BDBEB12F-AA2B-4EB2-BE7F-8CAFD929FC0B}"
EndProject
Global
	GlobalSection(SolutionConfigurationPlatforms) = preSolution
		Debug|Any CPU = Debug|Any CPU
		Debug|x64 = Debug|x64
		Debug|x86 = Debug|x86
		Release|Any CPU = Release|Any CPU
		Release|x64 = Release|x64
		Release|x86 = Release|x86
	EndGlobalSection
	GlobalSection(ProjectConfigurationPlatforms) = postSolution
		{106B6B52-016C-4449-A190-61C7EB95C98D}.Debug|Any CPU.ActiveCfg = Debug|Any CPU
		{106B6B52-016C-4449-A190-61C7EB95C98D}.Debug|Any CPU.Build.0 = Debug|Any CPU
		{106B6B52-016C-4449-A190-61C7EB95C98D}.Debug|x64.ActiveCfg = Debug|Any CPU
		{106B6B52-016C-4449-A190-61C7EB95C98D}.Debug|x64.Build.0 = Debug|Any CPU
		{106B6B52-016C-4449-A190-61C7EB95C98D}.Debug|x86.ActiveCfg = Debug|Any CPU
		{106B6B52-016C-4449-A190-61C7EB95C98D}.Debug|x86.Build.0 = Debug|Any CPU
		{106B6B52-016C-4449-A190-61C7EB95C98D}.Release|Any CPU.ActiveCfg = Release|Any CPU
		{106B6B52-016C-4449-A190-61C7EB95C98D}.Release|Any CPU.Build.0 = Release|Any CPU
		{106B6B52-016C-4449-A190-61C7EB95C98D}.Release|x64.ActiveCfg = Release|Any CPU
		{106B6B52-016C-4449-A190-61C7EB95C98D}.Release|x64.Build.0 = Release|Any CPU
		{106B6B52-016C-4449-A190-61C7EB95C98D}.Release|x86.ActiveCfg = Release|Any CPU
		{106B6B52-016C-4449-A190-61C7EB95C98D}.Release|x86.Build.0 = Release|Any CPU
		{C4EC8EDC-F831-4A65-9875-17C6B6804320}.Debug|Any CPU.ActiveCfg = Debug|Any CPU
		{C4EC8EDC-F831-4A65-9875-17C6B6804320}.Debug|Any CPU.Build.0 = Debug|Any CPU
		{C4EC8EDC-F831-4A65-9875-17C6B6804320}.Debug|x64.ActiveCfg = Debug|Any CPU
		{C4EC8EDC-F831-4A65-9875-17C6B6804320}.Debug|x64.Build.0 = Debug|Any CPU
		{C4EC8EDC-F831-4A65-9875-17C6B6804320}.Debug|x86.ActiveCfg = Debug|Any CPU
		{C4EC8EDC-F831-4A65-9875-17C6B6804320}.Debug|x86.Build.0 = Debug|Any CPU
		{C4EC8EDC-F831-4A65-9875-17C6B6804320}.Release|Any CPU.ActiveCfg = Release|Any CPU
		{C4EC8EDC-F831-4A65-9875-17C6B6804320}.Release|Any CPU.Build.0 = Release|Any CPU
		{C4EC8EDC-F831-4A65-9875-17C6B6804320}.Release|x64.ActiveCfg = Release|Any CPU
		{C4EC8EDC-F831-4A65-9875-17C6B6804320}.Release|x64.Build.0 = Release|Any CPU
		{C4EC8EDC-F831-4A65-9875-17C6B6804320}.Release|x86.ActiveCfg = Release|Any CPU
		{C4EC8EDC-F831-4A65-9875-17C6B6804320}.Release|x86.Build.0 = Release|Any CPU
		{903861B6-9D34-41ED-87C4-94FBB462E4CB}.Debug|Any CPU.ActiveCfg = Debug|Any CPU
		{903861B6-9D34-41ED-87C4-94FBB462E4CB}.Debug|Any CPU.Build.0 = Debug|Any CPU
		{903861B6-9D34-41ED-87C4-94FBB462E4CB}.Debug|x64.ActiveCfg = Debug|Any CPU
		{903861B6-9D34-41ED-87C4-94FBB462E4CB}.Debug|x64.Build.0 = Debug|Any CPU
		{903861B6-9D34-41ED-87C4-94FBB462E4CB}.Debug|x86.ActiveCfg = Debug|Any CPU
		{903861B6-9D34-41ED-87C4-94FBB462E4CB}.Debug|x86.Build.0 = Debug|Any CPU
		{903861B6-9D34-41ED-87C4-94FBB462E4CB}.Release|Any CPU.ActiveCfg = Release|Any CPU
		{903861B6-9D34-41ED-87C4-94FBB462E4CB}.Release|Any CPU.Build.0 = Release|Any CPU
		{903861B6-9D34-41ED-87C4-94FBB462E4CB}.Release|x64.ActiveCfg = Release|Any CPU
		{903861B6-9D34-41ED-87C4-94FBB462E4CB}.Release|x64.Build.0 = Release|Any CPU
		{903861B6-9D34-41ED-87C4-94FBB462E4CB}.Release|x86.ActiveCfg = Release|Any CPU
		{903861B6-9D34-41ED-87C4-94FBB462E4CB}.Release|x86.Build.0 = Release|Any CPU
		{DD719525-EAD8-4617-9D8F-F2CFDA1DCCEB}.Debug|Any CPU.ActiveCfg = Debug|Any CPU
		{DD719525-EAD8-4617-9D8F-F2CFDA1DCCEB}.Debug|Any CPU.Build.0 = Debug|Any CPU
		{DD719525-EAD8-4617-9D8F-F2CFDA1DCCEB}.Debug|x64.ActiveCfg = Debug|Any CPU
		{DD719525-EAD8-4617-9D8F-F2CFDA1DCCEB}.Debug|x64.Build.0 = Debug|Any CPU
		{DD719525-EAD8-4617-9D8F-F2CFDA1DCCEB}.Debug|x86.ActiveCfg = Debug|Any CPU
		{DD719525-EAD8-4617-9D8F-F2CFDA1DCCEB}.Debug|x86.Build.0 = Debug|Any CPU
		{DD719525-EAD8-4617-9D8F-F2CFDA1DCCEB}.Release|Any CPU.ActiveCfg = Release|Any CPU
		{DD719525-EAD8-4617-9D8F-F2CFDA1DCCEB}.Release|Any CPU.Build.0 = Release|Any CPU
		{DD719525-EAD8-4617-9D8F-F2CFDA1DCCEB}.Release|x64.ActiveCfg = Release|Any CPU
		{DD719525-EAD8-4617-9D8F-F2CFDA1DCCEB}.Release|x64.Build.0 = Release|Any CPU
		{DD719525-EAD8-4617-9D8F-F2CFDA1DCCEB}.Release|x86.ActiveCfg = Release|Any CPU
		{DD719525-EAD8-4617-9D8F-F2CFDA1DCCEB}.Release|x86.Build.0 = Release|Any CPU
		{282255C4-A05A-4C61-AEB3-241A1547FEC6}.Debug|Any CPU.ActiveCfg = Debug|Any CPU
		{282255C4-A05A-4C61-AEB3-241A1547FEC6}.Debug|Any CPU.Build.0 = Debug|Any CPU
		{282255C4-A05A-4C61-AEB3-241A1547FEC6}.Debug|x64.ActiveCfg = Debug|Any CPU
		{282255C4-A05A-4C61-AEB3-241A1547FEC6}.Debug|x64.Build.0 = Debug|Any CPU
		{282255C4-A05A-4C61-AEB3-241A1547FEC6}.Debug|x86.ActiveCfg = Debug|Any CPU
		{282255C4-A05A-4C61-AEB3-241A1547FEC6}.Debug|x86.Build.0 = Debug|Any CPU
		{282255C4-A05A-4C61-AEB3-241A1547FEC6}.Release|Any CPU.ActiveCfg = Release|Any CPU
		{282255C4-A05A-4C61-AEB3-241A1547FEC6}.Release|Any CPU.Build.0 = Release|Any CPU
		{282255C4-A05A-4C61-AEB3-241A1547FEC6}.Release|x64.ActiveCfg = Release|Any CPU
		{282255C4-A05A-4C61-AEB3-241A1547FEC6}.Release|x64.Build.0 = Release|Any CPU
		{282255C4-A05A-4C61-AEB3-241A1547FEC6}.Release|x86.ActiveCfg = Release|Any CPU
		{282255C4-A05A-4C61-AEB3-241A1547FEC6}.Release|x86.Build.0 = Release|Any CPU
		{B3687EE1-04B6-4179-A684-74D6D018B01E}.Debug|Any CPU.ActiveCfg = Debug|Any CPU
		{B3687EE1-04B6-4179-A684-74D6D018B01E}.Debug|Any CPU.Build.0 = Debug|Any CPU
		{B3687EE1-04B6-4179-A684-74D6D018B01E}.Debug|x64.ActiveCfg = Debug|Any CPU
		{B3687EE1-04B6-4179-A684-74D6D018B01E}.Debug|x64.Build.0 = Debug|Any CPU
		{B3687EE1-04B6-4179-A684-74D6D018B01E}.Debug|x86.ActiveCfg = Debug|Any CPU
		{B3687EE1-04B6-4179-A684-74D6D018B01E}.Debug|x86.Build.0 = Debug|Any CPU
		{B3687EE1-04B6-4179-A684-74D6D018B01E}.Release|Any CPU.ActiveCfg = Release|Any CPU
		{B3687EE1-04B6-4179-A684-74D6D018B01E}.Release|Any CPU.Build.0 = Release|Any CPU
		{B3687EE1-04B6-4179-A684-74D6D018B01E}.Release|x64.ActiveCfg = Release|Any CPU
		{B3687EE1-04B6-4179-A684-74D6D018B01E}.Release|x64.Build.0 = Release|Any CPU
		{B3687EE1-04B6-4179-A684-74D6D018B01E}.Release|x86.ActiveCfg = Release|Any CPU
		{B3687EE1-04B6-4179-A684-74D6D018B01E}.Release|x86.Build.0 = Release|Any CPU
		{A16305D1-CB43-4240-AC14-4E8B702A44F7}.Debug|Any CPU.ActiveCfg = Debug|Any CPU
		{A16305D1-CB43-4240-AC14-4E8B702A44F7}.Debug|Any CPU.Build.0 = Debug|Any CPU
		{A16305D1-CB43-4240-AC14-4E8B702A44F7}.Debug|x64.ActiveCfg = Debug|Any CPU
		{A16305D1-CB43-4240-AC14-4E8B702A44F7}.Debug|x64.Build.0 = Debug|Any CPU
		{A16305D1-CB43-4240-AC14-4E8B702A44F7}.Debug|x86.ActiveCfg = Debug|Any CPU
		{A16305D1-CB43-4240-AC14-4E8B702A44F7}.Debug|x86.Build.0 = Debug|Any CPU
		{A16305D1-CB43-4240-AC14-4E8B702A44F7}.Release|Any CPU.ActiveCfg = Release|Any CPU
		{A16305D1-CB43-4240-AC14-4E8B702A44F7}.Release|Any CPU.Build.0 = Release|Any CPU
		{A16305D1-CB43-4240-AC14-4E8B702A44F7}.Release|x64.ActiveCfg = Release|Any CPU
		{A16305D1-CB43-4240-AC14-4E8B702A44F7}.Release|x64.Build.0 = Release|Any CPU
		{A16305D1-CB43-4240-AC14-4E8B702A44F7}.Release|x86.ActiveCfg = Release|Any CPU
		{A16305D1-CB43-4240-AC14-4E8B702A44F7}.Release|x86.Build.0 = Release|Any CPU
		{B168DB18-1BD3-4D84-B648-C3B6462C1B56}.Debug|Any CPU.ActiveCfg = Debug|Any CPU
		{B168DB18-1BD3-4D84-B648-C3B6462C1B56}.Debug|Any CPU.Build.0 = Debug|Any CPU
		{B168DB18-1BD3-4D84-B648-C3B6462C1B56}.Debug|x64.ActiveCfg = Debug|Any CPU
		{B168DB18-1BD3-4D84-B648-C3B6462C1B56}.Debug|x64.Build.0 = Debug|Any CPU
		{B168DB18-1BD3-4D84-B648-C3B6462C1B56}.Debug|x86.ActiveCfg = Debug|Any CPU
		{B168DB18-1BD3-4D84-B648-C3B6462C1B56}.Debug|x86.Build.0 = Debug|Any CPU
		{B168DB18-1BD3-4D84-B648-C3B6462C1B56}.Release|Any CPU.ActiveCfg = Release|Any CPU
		{B168DB18-1BD3-4D84-B648-C3B6462C1B56}.Release|Any CPU.Build.0 = Release|Any CPU
		{B168DB18-1BD3-4D84-B648-C3B6462C1B56}.Release|x64.ActiveCfg = Release|Any CPU
		{B168DB18-1BD3-4D84-B648-C3B6462C1B56}.Release|x64.Build.0 = Release|Any CPU
		{B168DB18-1BD3-4D84-B648-C3B6462C1B56}.Release|x86.ActiveCfg = Release|Any CPU
		{B168DB18-1BD3-4D84-B648-C3B6462C1B56}.Release|x86.Build.0 = Release|Any CPU
		{3649BA17-2194-497A-9CA5-05DF2D36652C}.Debug|Any CPU.ActiveCfg = Debug|Any CPU
		{3649BA17-2194-497A-9CA5-05DF2D36652C}.Debug|Any CPU.Build.0 = Debug|Any CPU
		{3649BA17-2194-497A-9CA5-05DF2D36652C}.Debug|x64.ActiveCfg = Debug|Any CPU
		{3649BA17-2194-497A-9CA5-05DF2D36652C}.Debug|x64.Build.0 = Debug|Any CPU
		{3649BA17-2194-497A-9CA5-05DF2D36652C}.Debug|x86.ActiveCfg = Debug|Any CPU
		{3649BA17-2194-497A-9CA5-05DF2D36652C}.Debug|x86.Build.0 = Debug|Any CPU
		{3649BA17-2194-497A-9CA5-05DF2D36652C}.Release|Any CPU.ActiveCfg = Release|Any CPU
		{3649BA17-2194-497A-9CA5-05DF2D36652C}.Release|Any CPU.Build.0 = Release|Any CPU
		{3649BA17-2194-497A-9CA5-05DF2D36652C}.Release|x64.ActiveCfg = Release|Any CPU
		{3649BA17-2194-497A-9CA5-05DF2D36652C}.Release|x64.Build.0 = Release|Any CPU
		{3649BA17-2194-497A-9CA5-05DF2D36652C}.Release|x86.ActiveCfg = Release|Any CPU
		{3649BA17-2194-497A-9CA5-05DF2D36652C}.Release|x86.Build.0 = Release|Any CPU
		{C05933BB-46CB-4233-8668-DA2439221949}.Debug|Any CPU.ActiveCfg = Debug|Any CPU
		{C05933BB-46CB-4233-8668-DA2439221949}.Debug|Any CPU.Build.0 = Debug|Any CPU
		{C05933BB-46CB-4233-8668-DA2439221949}.Debug|x64.ActiveCfg = Debug|Any CPU
		{C05933BB-46CB-4233-8668-DA2439221949}.Debug|x64.Build.0 = Debug|Any CPU
		{C05933BB-46CB-4233-8668-DA2439221949}.Debug|x86.ActiveCfg = Debug|Any CPU
		{C05933BB-46CB-4233-8668-DA2439221949}.Debug|x86.Build.0 = Debug|Any CPU
		{C05933BB-46CB-4233-8668-DA2439221949}.Release|Any CPU.ActiveCfg = Release|Any CPU
		{C05933BB-46CB-4233-8668-DA2439221949}.Release|Any CPU.Build.0 = Release|Any CPU
		{C05933BB-46CB-4233-8668-DA2439221949}.Release|x64.ActiveCfg = Release|Any CPU
		{C05933BB-46CB-4233-8668-DA2439221949}.Release|x64.Build.0 = Release|Any CPU
		{C05933BB-46CB-4233-8668-DA2439221949}.Release|x86.ActiveCfg = Release|Any CPU
		{C05933BB-46CB-4233-8668-DA2439221949}.Release|x86.Build.0 = Release|Any CPU
		{A8667E56-43F4-471E-9CC2-C973B022B699}.Debug|Any CPU.ActiveCfg = Debug|Any CPU
		{A8667E56-43F4-471E-9CC2-C973B022B699}.Debug|Any CPU.Build.0 = Debug|Any CPU
		{A8667E56-43F4-471E-9CC2-C973B022B699}.Debug|x64.ActiveCfg = Debug|Any CPU
		{A8667E56-43F4-471E-9CC2-C973B022B699}.Debug|x64.Build.0 = Debug|Any CPU
		{A8667E56-43F4-471E-9CC2-C973B022B699}.Debug|x86.ActiveCfg = Debug|Any CPU
		{A8667E56-43F4-471E-9CC2-C973B022B699}.Debug|x86.Build.0 = Debug|Any CPU
		{A8667E56-43F4-471E-9CC2-C973B022B699}.Release|Any CPU.ActiveCfg = Release|Any CPU
		{A8667E56-43F4-471E-9CC2-C973B022B699}.Release|Any CPU.Build.0 = Release|Any CPU
		{A8667E56-43F4-471E-9CC2-C973B022B699}.Release|x64.ActiveCfg = Release|Any CPU
		{A8667E56-43F4-471E-9CC2-C973B022B699}.Release|x64.Build.0 = Release|Any CPU
		{A8667E56-43F4-471E-9CC2-C973B022B699}.Release|x86.ActiveCfg = Release|Any CPU
		{A8667E56-43F4-471E-9CC2-C973B022B699}.Release|x86.Build.0 = Release|Any CPU
		{DEB61EC3-4702-4BA2-AD4E-89C66EE24925}.Debug|Any CPU.ActiveCfg = Debug|Any CPU
		{DEB61EC3-4702-4BA2-AD4E-89C66EE24925}.Debug|Any CPU.Build.0 = Debug|Any CPU
		{DEB61EC3-4702-4BA2-AD4E-89C66EE24925}.Debug|x64.ActiveCfg = Debug|Any CPU
		{DEB61EC3-4702-4BA2-AD4E-89C66EE24925}.Debug|x64.Build.0 = Debug|Any CPU
		{DEB61EC3-4702-4BA2-AD4E-89C66EE24925}.Debug|x86.ActiveCfg = Debug|Any CPU
		{DEB61EC3-4702-4BA2-AD4E-89C66EE24925}.Debug|x86.Build.0 = Debug|Any CPU
		{DEB61EC3-4702-4BA2-AD4E-89C66EE24925}.Release|Any CPU.ActiveCfg = Release|Any CPU
		{DEB61EC3-4702-4BA2-AD4E-89C66EE24925}.Release|Any CPU.Build.0 = Release|Any CPU
		{DEB61EC3-4702-4BA2-AD4E-89C66EE24925}.Release|x64.ActiveCfg = Release|Any CPU
		{DEB61EC3-4702-4BA2-AD4E-89C66EE24925}.Release|x64.Build.0 = Release|Any CPU
		{DEB61EC3-4702-4BA2-AD4E-89C66EE24925}.Release|x86.ActiveCfg = Release|Any CPU
		{DEB61EC3-4702-4BA2-AD4E-89C66EE24925}.Release|x86.Build.0 = Release|Any CPU
		{0A935534-AD4B-4611-9589-6F3C90869DFF}.Debug|Any CPU.ActiveCfg = Debug|Any CPU
		{0A935534-AD4B-4611-9589-6F3C90869DFF}.Debug|Any CPU.Build.0 = Debug|Any CPU
		{0A935534-AD4B-4611-9589-6F3C90869DFF}.Debug|x64.ActiveCfg = Debug|Any CPU
		{0A935534-AD4B-4611-9589-6F3C90869DFF}.Debug|x64.Build.0 = Debug|Any CPU
		{0A935534-AD4B-4611-9589-6F3C90869DFF}.Debug|x86.ActiveCfg = Debug|Any CPU
		{0A935534-AD4B-4611-9589-6F3C90869DFF}.Debug|x86.Build.0 = Debug|Any CPU
		{0A935534-AD4B-4611-9589-6F3C90869DFF}.Release|Any CPU.ActiveCfg = Release|Any CPU
		{0A935534-AD4B-4611-9589-6F3C90869DFF}.Release|Any CPU.Build.0 = Release|Any CPU
		{0A935534-AD4B-4611-9589-6F3C90869DFF}.Release|x64.ActiveCfg = Release|Any CPU
		{0A935534-AD4B-4611-9589-6F3C90869DFF}.Release|x64.Build.0 = Release|Any CPU
		{0A935534-AD4B-4611-9589-6F3C90869DFF}.Release|x86.ActiveCfg = Release|Any CPU
		{0A935534-AD4B-4611-9589-6F3C90869DFF}.Release|x86.Build.0 = Release|Any CPU
		{CE148825-0731-438F-9A32-0C8E0CB93C56}.Debug|Any CPU.ActiveCfg = Debug|Any CPU
		{CE148825-0731-438F-9A32-0C8E0CB93C56}.Debug|Any CPU.Build.0 = Debug|Any CPU
		{CE148825-0731-438F-9A32-0C8E0CB93C56}.Debug|x64.ActiveCfg = Debug|Any CPU
		{CE148825-0731-438F-9A32-0C8E0CB93C56}.Debug|x64.Build.0 = Debug|Any CPU
		{CE148825-0731-438F-9A32-0C8E0CB93C56}.Debug|x86.ActiveCfg = Debug|Any CPU
		{CE148825-0731-438F-9A32-0C8E0CB93C56}.Debug|x86.Build.0 = Debug|Any CPU
		{CE148825-0731-438F-9A32-0C8E0CB93C56}.Release|Any CPU.ActiveCfg = Release|Any CPU
		{CE148825-0731-438F-9A32-0C8E0CB93C56}.Release|Any CPU.Build.0 = Release|Any CPU
		{CE148825-0731-438F-9A32-0C8E0CB93C56}.Release|x64.ActiveCfg = Release|Any CPU
		{CE148825-0731-438F-9A32-0C8E0CB93C56}.Release|x64.Build.0 = Release|Any CPU
		{CE148825-0731-438F-9A32-0C8E0CB93C56}.Release|x86.ActiveCfg = Release|Any CPU
		{CE148825-0731-438F-9A32-0C8E0CB93C56}.Release|x86.Build.0 = Release|Any CPU
		{C0C788EE-D3CB-484E-92EF-19200E29C86E}.Debug|Any CPU.ActiveCfg = Debug|Any CPU
		{C0C788EE-D3CB-484E-92EF-19200E29C86E}.Debug|Any CPU.Build.0 = Debug|Any CPU
		{C0C788EE-D3CB-484E-92EF-19200E29C86E}.Debug|x64.ActiveCfg = Debug|Any CPU
		{C0C788EE-D3CB-484E-92EF-19200E29C86E}.Debug|x64.Build.0 = Debug|Any CPU
		{C0C788EE-D3CB-484E-92EF-19200E29C86E}.Debug|x86.ActiveCfg = Debug|Any CPU
		{C0C788EE-D3CB-484E-92EF-19200E29C86E}.Debug|x86.Build.0 = Debug|Any CPU
		{C0C788EE-D3CB-484E-92EF-19200E29C86E}.Release|Any CPU.ActiveCfg = Release|Any CPU
		{C0C788EE-D3CB-484E-92EF-19200E29C86E}.Release|Any CPU.Build.0 = Release|Any CPU
		{C0C788EE-D3CB-484E-92EF-19200E29C86E}.Release|x64.ActiveCfg = Release|Any CPU
		{C0C788EE-D3CB-484E-92EF-19200E29C86E}.Release|x64.Build.0 = Release|Any CPU
		{C0C788EE-D3CB-484E-92EF-19200E29C86E}.Release|x86.ActiveCfg = Release|Any CPU
		{C0C788EE-D3CB-484E-92EF-19200E29C86E}.Release|x86.Build.0 = Release|Any CPU
		{3E33B0F4-70D3-4F18-91D8-CCC039AA0573}.Debug|Any CPU.ActiveCfg = Debug|Any CPU
		{3E33B0F4-70D3-4F18-91D8-CCC039AA0573}.Debug|Any CPU.Build.0 = Debug|Any CPU
		{3E33B0F4-70D3-4F18-91D8-CCC039AA0573}.Debug|x64.ActiveCfg = Debug|Any CPU
		{3E33B0F4-70D3-4F18-91D8-CCC039AA0573}.Debug|x64.Build.0 = Debug|Any CPU
		{3E33B0F4-70D3-4F18-91D8-CCC039AA0573}.Debug|x86.ActiveCfg = Debug|Any CPU
		{3E33B0F4-70D3-4F18-91D8-CCC039AA0573}.Debug|x86.Build.0 = Debug|Any CPU
		{3E33B0F4-70D3-4F18-91D8-CCC039AA0573}.Release|Any CPU.ActiveCfg = Release|Any CPU
		{3E33B0F4-70D3-4F18-91D8-CCC039AA0573}.Release|Any CPU.Build.0 = Release|Any CPU
		{3E33B0F4-70D3-4F18-91D8-CCC039AA0573}.Release|x64.ActiveCfg = Release|Any CPU
		{3E33B0F4-70D3-4F18-91D8-CCC039AA0573}.Release|x64.Build.0 = Release|Any CPU
		{3E33B0F4-70D3-4F18-91D8-CCC039AA0573}.Release|x86.ActiveCfg = Release|Any CPU
		{3E33B0F4-70D3-4F18-91D8-CCC039AA0573}.Release|x86.Build.0 = Release|Any CPU
		{F1B10976-936C-4C48-BFDE-E5469768B071}.Debug|Any CPU.ActiveCfg = Debug|Any CPU
		{F1B10976-936C-4C48-BFDE-E5469768B071}.Debug|Any CPU.Build.0 = Debug|Any CPU
		{F1B10976-936C-4C48-BFDE-E5469768B071}.Debug|x64.ActiveCfg = Debug|Any CPU
		{F1B10976-936C-4C48-BFDE-E5469768B071}.Debug|x64.Build.0 = Debug|Any CPU
		{F1B10976-936C-4C48-BFDE-E5469768B071}.Debug|x86.ActiveCfg = Debug|Any CPU
		{F1B10976-936C-4C48-BFDE-E5469768B071}.Debug|x86.Build.0 = Debug|Any CPU
		{F1B10976-936C-4C48-BFDE-E5469768B071}.Release|Any CPU.ActiveCfg = Release|Any CPU
		{F1B10976-936C-4C48-BFDE-E5469768B071}.Release|Any CPU.Build.0 = Release|Any CPU
		{F1B10976-936C-4C48-BFDE-E5469768B071}.Release|x64.ActiveCfg = Release|Any CPU
		{F1B10976-936C-4C48-BFDE-E5469768B071}.Release|x64.Build.0 = Release|Any CPU
		{F1B10976-936C-4C48-BFDE-E5469768B071}.Release|x86.ActiveCfg = Release|Any CPU
		{F1B10976-936C-4C48-BFDE-E5469768B071}.Release|x86.Build.0 = Release|Any CPU
		{16F2D535-0EF4-4839-AD1D-9D2B9CE3F8F1}.Debug|Any CPU.ActiveCfg = Debug|Any CPU
		{16F2D535-0EF4-4839-AD1D-9D2B9CE3F8F1}.Debug|Any CPU.Build.0 = Debug|Any CPU
		{16F2D535-0EF4-4839-AD1D-9D2B9CE3F8F1}.Debug|x64.ActiveCfg = Debug|Any CPU
		{16F2D535-0EF4-4839-AD1D-9D2B9CE3F8F1}.Debug|x64.Build.0 = Debug|Any CPU
		{16F2D535-0EF4-4839-AD1D-9D2B9CE3F8F1}.Debug|x86.ActiveCfg = Debug|Any CPU
		{16F2D535-0EF4-4839-AD1D-9D2B9CE3F8F1}.Debug|x86.Build.0 = Debug|Any CPU
		{16F2D535-0EF4-4839-AD1D-9D2B9CE3F8F1}.Release|Any CPU.ActiveCfg = Release|Any CPU
		{16F2D535-0EF4-4839-AD1D-9D2B9CE3F8F1}.Release|Any CPU.Build.0 = Release|Any CPU
		{16F2D535-0EF4-4839-AD1D-9D2B9CE3F8F1}.Release|x64.ActiveCfg = Release|Any CPU
		{16F2D535-0EF4-4839-AD1D-9D2B9CE3F8F1}.Release|x64.Build.0 = Release|Any CPU
		{16F2D535-0EF4-4839-AD1D-9D2B9CE3F8F1}.Release|x86.ActiveCfg = Release|Any CPU
		{16F2D535-0EF4-4839-AD1D-9D2B9CE3F8F1}.Release|x86.Build.0 = Release|Any CPU
		{64E51B58-37E9-47AA-A2AE-D5F8565234FF}.Debug|Any CPU.ActiveCfg = Debug|Any CPU
		{64E51B58-37E9-47AA-A2AE-D5F8565234FF}.Debug|Any CPU.Build.0 = Debug|Any CPU
		{64E51B58-37E9-47AA-A2AE-D5F8565234FF}.Debug|x64.ActiveCfg = Debug|Any CPU
		{64E51B58-37E9-47AA-A2AE-D5F8565234FF}.Debug|x64.Build.0 = Debug|Any CPU
		{64E51B58-37E9-47AA-A2AE-D5F8565234FF}.Debug|x86.ActiveCfg = Debug|Any CPU
		{64E51B58-37E9-47AA-A2AE-D5F8565234FF}.Debug|x86.Build.0 = Debug|Any CPU
		{64E51B58-37E9-47AA-A2AE-D5F8565234FF}.Release|Any CPU.ActiveCfg = Release|Any CPU
		{64E51B58-37E9-47AA-A2AE-D5F8565234FF}.Release|Any CPU.Build.0 = Release|Any CPU
		{64E51B58-37E9-47AA-A2AE-D5F8565234FF}.Release|x64.ActiveCfg = Release|Any CPU
		{64E51B58-37E9-47AA-A2AE-D5F8565234FF}.Release|x64.Build.0 = Release|Any CPU
		{64E51B58-37E9-47AA-A2AE-D5F8565234FF}.Release|x86.ActiveCfg = Release|Any CPU
		{64E51B58-37E9-47AA-A2AE-D5F8565234FF}.Release|x86.Build.0 = Release|Any CPU
		{50266D85-D76F-4A49-9290-6F9F32454AE9}.Debug|Any CPU.ActiveCfg = Debug|Any CPU
		{50266D85-D76F-4A49-9290-6F9F32454AE9}.Debug|Any CPU.Build.0 = Debug|Any CPU
		{50266D85-D76F-4A49-9290-6F9F32454AE9}.Debug|x64.ActiveCfg = Debug|Any CPU
		{50266D85-D76F-4A49-9290-6F9F32454AE9}.Debug|x64.Build.0 = Debug|Any CPU
		{50266D85-D76F-4A49-9290-6F9F32454AE9}.Debug|x86.ActiveCfg = Debug|Any CPU
		{50266D85-D76F-4A49-9290-6F9F32454AE9}.Debug|x86.Build.0 = Debug|Any CPU
		{50266D85-D76F-4A49-9290-6F9F32454AE9}.Release|Any CPU.ActiveCfg = Release|Any CPU
		{50266D85-D76F-4A49-9290-6F9F32454AE9}.Release|Any CPU.Build.0 = Release|Any CPU
		{50266D85-D76F-4A49-9290-6F9F32454AE9}.Release|x64.ActiveCfg = Release|Any CPU
		{50266D85-D76F-4A49-9290-6F9F32454AE9}.Release|x64.Build.0 = Release|Any CPU
		{50266D85-D76F-4A49-9290-6F9F32454AE9}.Release|x86.ActiveCfg = Release|Any CPU
		{50266D85-D76F-4A49-9290-6F9F32454AE9}.Release|x86.Build.0 = Release|Any CPU
		{9E39A6DE-7D76-4F44-8B38-415B397D615E}.Debug|Any CPU.ActiveCfg = Debug|Any CPU
		{9E39A6DE-7D76-4F44-8B38-415B397D615E}.Debug|Any CPU.Build.0 = Debug|Any CPU
		{9E39A6DE-7D76-4F44-8B38-415B397D615E}.Debug|x64.ActiveCfg = Debug|Any CPU
		{9E39A6DE-7D76-4F44-8B38-415B397D615E}.Debug|x64.Build.0 = Debug|Any CPU
		{9E39A6DE-7D76-4F44-8B38-415B397D615E}.Debug|x86.ActiveCfg = Debug|Any CPU
		{9E39A6DE-7D76-4F44-8B38-415B397D615E}.Debug|x86.Build.0 = Debug|Any CPU
		{9E39A6DE-7D76-4F44-8B38-415B397D615E}.Release|Any CPU.ActiveCfg = Release|Any CPU
		{9E39A6DE-7D76-4F44-8B38-415B397D615E}.Release|Any CPU.Build.0 = Release|Any CPU
		{9E39A6DE-7D76-4F44-8B38-415B397D615E}.Release|x64.ActiveCfg = Release|Any CPU
		{9E39A6DE-7D76-4F44-8B38-415B397D615E}.Release|x64.Build.0 = Release|Any CPU
		{9E39A6DE-7D76-4F44-8B38-415B397D615E}.Release|x86.ActiveCfg = Release|Any CPU
		{9E39A6DE-7D76-4F44-8B38-415B397D615E}.Release|x86.Build.0 = Release|Any CPU
		{190DEB70-2A5B-47B0-AA9F-B267E51700EE}.Debug|Any CPU.ActiveCfg = Debug|Any CPU
		{190DEB70-2A5B-47B0-AA9F-B267E51700EE}.Debug|Any CPU.Build.0 = Debug|Any CPU
		{190DEB70-2A5B-47B0-AA9F-B267E51700EE}.Debug|x64.ActiveCfg = Debug|Any CPU
		{190DEB70-2A5B-47B0-AA9F-B267E51700EE}.Debug|x64.Build.0 = Debug|Any CPU
		{190DEB70-2A5B-47B0-AA9F-B267E51700EE}.Debug|x86.ActiveCfg = Debug|Any CPU
		{190DEB70-2A5B-47B0-AA9F-B267E51700EE}.Debug|x86.Build.0 = Debug|Any CPU
		{190DEB70-2A5B-47B0-AA9F-B267E51700EE}.Release|Any CPU.ActiveCfg = Release|Any CPU
		{190DEB70-2A5B-47B0-AA9F-B267E51700EE}.Release|Any CPU.Build.0 = Release|Any CPU
		{190DEB70-2A5B-47B0-AA9F-B267E51700EE}.Release|x64.ActiveCfg = Release|Any CPU
		{190DEB70-2A5B-47B0-AA9F-B267E51700EE}.Release|x64.Build.0 = Release|Any CPU
		{190DEB70-2A5B-47B0-AA9F-B267E51700EE}.Release|x86.ActiveCfg = Release|Any CPU
		{190DEB70-2A5B-47B0-AA9F-B267E51700EE}.Release|x86.Build.0 = Release|Any CPU
		{158432DE-25F2-4DFE-A623-9FFCF703FC75}.Debug|Any CPU.ActiveCfg = Debug|Any CPU
		{158432DE-25F2-4DFE-A623-9FFCF703FC75}.Debug|Any CPU.Build.0 = Debug|Any CPU
		{158432DE-25F2-4DFE-A623-9FFCF703FC75}.Debug|x64.ActiveCfg = Debug|Any CPU
		{158432DE-25F2-4DFE-A623-9FFCF703FC75}.Debug|x64.Build.0 = Debug|Any CPU
		{158432DE-25F2-4DFE-A623-9FFCF703FC75}.Debug|x86.ActiveCfg = Debug|Any CPU
		{158432DE-25F2-4DFE-A623-9FFCF703FC75}.Debug|x86.Build.0 = Debug|Any CPU
		{158432DE-25F2-4DFE-A623-9FFCF703FC75}.Release|Any CPU.ActiveCfg = Release|Any CPU
		{158432DE-25F2-4DFE-A623-9FFCF703FC75}.Release|Any CPU.Build.0 = Release|Any CPU
		{158432DE-25F2-4DFE-A623-9FFCF703FC75}.Release|x64.ActiveCfg = Release|Any CPU
		{158432DE-25F2-4DFE-A623-9FFCF703FC75}.Release|x64.Build.0 = Release|Any CPU
		{158432DE-25F2-4DFE-A623-9FFCF703FC75}.Release|x86.ActiveCfg = Release|Any CPU
		{158432DE-25F2-4DFE-A623-9FFCF703FC75}.Release|x86.Build.0 = Release|Any CPU
		{0BE8325D-2EB1-4000-A12B-D7DB69B82336}.Debug|Any CPU.ActiveCfg = Debug|Any CPU
		{0BE8325D-2EB1-4000-A12B-D7DB69B82336}.Debug|Any CPU.Build.0 = Debug|Any CPU
		{0BE8325D-2EB1-4000-A12B-D7DB69B82336}.Debug|x64.ActiveCfg = Debug|Any CPU
		{0BE8325D-2EB1-4000-A12B-D7DB69B82336}.Debug|x64.Build.0 = Debug|Any CPU
		{0BE8325D-2EB1-4000-A12B-D7DB69B82336}.Debug|x86.ActiveCfg = Debug|Any CPU
		{0BE8325D-2EB1-4000-A12B-D7DB69B82336}.Debug|x86.Build.0 = Debug|Any CPU
		{0BE8325D-2EB1-4000-A12B-D7DB69B82336}.Release|Any CPU.ActiveCfg = Release|Any CPU
		{0BE8325D-2EB1-4000-A12B-D7DB69B82336}.Release|Any CPU.Build.0 = Release|Any CPU
		{0BE8325D-2EB1-4000-A12B-D7DB69B82336}.Release|x64.ActiveCfg = Release|Any CPU
		{0BE8325D-2EB1-4000-A12B-D7DB69B82336}.Release|x64.Build.0 = Release|Any CPU
		{0BE8325D-2EB1-4000-A12B-D7DB69B82336}.Release|x86.ActiveCfg = Release|Any CPU
		{0BE8325D-2EB1-4000-A12B-D7DB69B82336}.Release|x86.Build.0 = Release|Any CPU
		{BDBEB12F-AA2B-4EB2-BE7F-8CAFD929FC0B}.Debug|Any CPU.ActiveCfg = Debug|Any CPU
		{BDBEB12F-AA2B-4EB2-BE7F-8CAFD929FC0B}.Debug|Any CPU.Build.0 = Debug|Any CPU
		{BDBEB12F-AA2B-4EB2-BE7F-8CAFD929FC0B}.Debug|x64.ActiveCfg = Debug|Any CPU
		{BDBEB12F-AA2B-4EB2-BE7F-8CAFD929FC0B}.Debug|x64.Build.0 = Debug|Any CPU
		{BDBEB12F-AA2B-4EB2-BE7F-8CAFD929FC0B}.Debug|x86.ActiveCfg = Debug|Any CPU
		{BDBEB12F-AA2B-4EB2-BE7F-8CAFD929FC0B}.Debug|x86.Build.0 = Debug|Any CPU
		{BDBEB12F-AA2B-4EB2-BE7F-8CAFD929FC0B}.Release|Any CPU.ActiveCfg = Release|Any CPU
		{BDBEB12F-AA2B-4EB2-BE7F-8CAFD929FC0B}.Release|Any CPU.Build.0 = Release|Any CPU
		{BDBEB12F-AA2B-4EB2-BE7F-8CAFD929FC0B}.Release|x64.ActiveCfg = Release|Any CPU
		{BDBEB12F-AA2B-4EB2-BE7F-8CAFD929FC0B}.Release|x64.Build.0 = Release|Any CPU
		{BDBEB12F-AA2B-4EB2-BE7F-8CAFD929FC0B}.Release|x86.ActiveCfg = Release|Any CPU
		{BDBEB12F-AA2B-4EB2-BE7F-8CAFD929FC0B}.Release|x86.Build.0 = Release|Any CPU
	EndGlobalSection
	GlobalSection(SolutionProperties) = preSolution
		HideSolutionNode = FALSE
	EndGlobalSection
	GlobalSection(NestedProjects) = preSolution
		{48E4B050-585E-EF4B-0CE8-91DE6EADA53B} = {5854FF58-B8C5-05C6-5BF2-ACE42193F22B}
		{106B6B52-016C-4449-A190-61C7EB95C98D} = {48E4B050-585E-EF4B-0CE8-91DE6EADA53B}
		{C4EC8EDC-F831-4A65-9875-17C6B6804320} = {48E4B050-585E-EF4B-0CE8-91DE6EADA53B}
		{903861B6-9D34-41ED-87C4-94FBB462E4CB} = {48E4B050-585E-EF4B-0CE8-91DE6EADA53B}
		{DD719525-EAD8-4617-9D8F-F2CFDA1DCCEB} = {34A6347E-48EB-1D98-BDE0-2F1DC5F0D348}
		{282255C4-A05A-4C61-AEB3-241A1547FEC6} = {48E4B050-585E-EF4B-0CE8-91DE6EADA53B}
		{34A6347E-48EB-1D98-BDE0-2F1DC5F0D348} = {5854FF58-B8C5-05C6-5BF2-ACE42193F22B}
		{6B2CB54C-E7F8-C45B-A4DA-FB37389901FF} = {5854FF58-B8C5-05C6-5BF2-ACE42193F22B}
		{B3687EE1-04B6-4179-A684-74D6D018B01E} = {6B2CB54C-E7F8-C45B-A4DA-FB37389901FF}
		{A16305D1-CB43-4240-AC14-4E8B702A44F7} = {6B2CB54C-E7F8-C45B-A4DA-FB37389901FF}
		{B168DB18-1BD3-4D84-B648-C3B6462C1B56} = {6B2CB54C-E7F8-C45B-A4DA-FB37389901FF}
		{3649BA17-2194-497A-9CA5-05DF2D36652C} = {6B2CB54C-E7F8-C45B-A4DA-FB37389901FF}
		{13C37D78-89C1-9740-1254-FCC4D4FEAACB} = {5854FF58-B8C5-05C6-5BF2-ACE42193F22B}
		{C05933BB-46CB-4233-8668-DA2439221949} = {13C37D78-89C1-9740-1254-FCC4D4FEAACB}
		{A8667E56-43F4-471E-9CC2-C973B022B699} = {13C37D78-89C1-9740-1254-FCC4D4FEAACB}
		{DEB61EC3-4702-4BA2-AD4E-89C66EE24925} = {13C37D78-89C1-9740-1254-FCC4D4FEAACB}
		{0A935534-AD4B-4611-9589-6F3C90869DFF} = {13C37D78-89C1-9740-1254-FCC4D4FEAACB}
		{00D5FA09-9A52-E7D4-27A8-8813305D18EB} = {5854FF58-B8C5-05C6-5BF2-ACE42193F22B}
		{CE148825-0731-438F-9A32-0C8E0CB93C56} = {00D5FA09-9A52-E7D4-27A8-8813305D18EB}
		{C0C788EE-D3CB-484E-92EF-19200E29C86E} = {00D5FA09-9A52-E7D4-27A8-8813305D18EB}
		{3E33B0F4-70D3-4F18-91D8-CCC039AA0573} = {00D5FA09-9A52-E7D4-27A8-8813305D18EB}
		{F1B10976-936C-4C48-BFDE-E5469768B071} = {00D5FA09-9A52-E7D4-27A8-8813305D18EB}
		{0289CD13-508D-C519-AE8F-FD197AAB0A42} = {5854FF58-B8C5-05C6-5BF2-ACE42193F22B}
		{16F2D535-0EF4-4839-AD1D-9D2B9CE3F8F1} = {0289CD13-508D-C519-AE8F-FD197AAB0A42}
		{64E51B58-37E9-47AA-A2AE-D5F8565234FF} = {0289CD13-508D-C519-AE8F-FD197AAB0A42}
		{50266D85-D76F-4A49-9290-6F9F32454AE9} = {0289CD13-508D-C519-AE8F-FD197AAB0A42}
		{9E39A6DE-7D76-4F44-8B38-415B397D615E} = {0289CD13-508D-C519-AE8F-FD197AAB0A42}
		{5979469B-CEB9-B27D-9095-D604475979B8} = {5854FF58-B8C5-05C6-5BF2-ACE42193F22B}
		{190DEB70-2A5B-47B0-AA9F-B267E51700EE} = {5979469B-CEB9-B27D-9095-D604475979B8}
		{158432DE-25F2-4DFE-A623-9FFCF703FC75} = {5979469B-CEB9-B27D-9095-D604475979B8}
		{0BE8325D-2EB1-4000-A12B-D7DB69B82336} = {5979469B-CEB9-B27D-9095-D604475979B8}
		{BDBEB12F-AA2B-4EB2-BE7F-8CAFD929FC0B} = {5979469B-CEB9-B27D-9095-D604475979B8}
	EndGlobalSection
	GlobalSection(ExtensibilityGlobals) = postSolution
		SolutionGuid = {7E7138C9-1E4E-4093-86E7-D526D6E0AB41}
	EndGlobalSection
EndGlobal
